
Microsoft Visual Studio Solution File, Format Version 12.00
# Visual Studio Version 17
VisualStudioVersion = 17.4.33213.308
MinimumVisualStudioVersion = 10.0.40219.1
Project("{FAE04EC0-301F-11D3-BF4B-00C04F79EFBC}") = "FullStack.API", "FullStack.API\FullStack.API.csproj", "{053127A7-F9E1-48B8-AC39-AF754F2E0278}"
EndProject
Global
	GlobalSection(SolutionConfigurationPlatforms) = preSolution
		Debug|Any CPU = Debug|Any CPU
		Release|Any CPU = Release|Any CPU
	EndGlobalSection
	GlobalSection(ProjectConfigurationPlatforms) = postSolution
		{053127A7-F9E1-48B8-AC39-AF754F2E0278}.Debug|Any CPU.ActiveCfg = Debug|Any CPU
		{053127A7-F9E1-48B8-AC39-AF754F2E0278}.Debug|Any CPU.Build.0 = Debug|Any CPU
		{053127A7-F9E1-48B8-AC39-AF754F2E0278}.Release|Any CPU.ActiveCfg = Release|Any CPU
		{053127A7-F9E1-48B8-AC39-AF754F2E0278}.Release|Any CPU.Build.0 = Release|Any CPU
	EndGlobalSection
	GlobalSection(SolutionProperties) = preSolution
		HideSolutionNode = FALSE
	EndGlobalSection
	GlobalSection(ExtensibilityGlobals) = postSolution
		SolutionGuid = {046AB0F7-7B47-4B57-A317-18B51B490F0D}
	EndGlobalSection
EndGlobal
